
Microsoft Visual Studio Solution File, Format Version 12.00
# Visual Studio Version 18
VisualStudioVersion = 18.0.11217.181
MinimumVisualStudioVersion = 10.0.40219.1
Project("{2150E333-8FDC-42A3-9474-1A3956D46DE8}") = "Engine", "Engine", "{6A1B0E61-3D2C-4C8E-9A41-0E5D2B7C1A01}"
EndProject
Project("{2150E333-8FDC-42A3-9474-1A3956D46DE8}") = "Renderer", "Renderer", "{6A1B0E61-3D2C-4C8E-9A41-0E5D2B7C1A02}"
EndProject
Project("{2150E333-8FDC-42A3-9474-1A3956D46DE8}") = "Objects", "Objects", "{6A1B0E61-3D2C-4C8E-9A41-0E5D2B7C1A03}"
EndProject
Project("{2150E333-8FDC-42A3-9474-1A3956D46DE8}") = "Tools", "Tools", "{6A1B0E61-3D2C-4C8E-9A41-0E5D2B7C1A04}"
EndProject
Project("{2150E333-8FDC-42A3-9474-1A3956D46DE8}") = "Solution Items", "Solution Items", "{6A1B0E61-3D2C-4C8E-9A41-0E5D2B7C1A05}"
	ProjectSection(SolutionItems) = preProject
		Directory.Build.props = Directory.Build.props
		.gitignore = .gitignore
		README.md = README.md
	EndProjectSection
EndProject
Project("{8BC9CEB8-8B4A-11D0-8D11-00A0C91BC942}") = "Genesis3D", "Engine\Genesis3D\Genesis3D.vcxproj", "{DA9C671F-1998-42EC-8D3C-F14AE13AD4AD}"
EndProject
Project("{8BC9CEB8-8B4A-11D0-8D11-00A0C91BC942}") = "Direct3D12Driver", "Renderer\Direct3D12\Direct3D12Driver.vcxproj", "{1B6221F3-93FE-CA71-BA4D-0ADC81CC80E0}"
EndProject
Project("{8BC9CEB8-8B4A-11D0-8D11-00A0C91BC942}") = "ActorObj", "Objects\ActorObj\ActorObj.vcxproj", "{F92F9D20-CA3D-4422-B515-97AD9FC6354F}"
	ProjectSection(ProjectDependencies) = postProject
		{DA9C671F-1998-42EC-8D3C-F14AE13AD4AD} = {DA9C671F-1998-42EC-8D3C-F14AE13AD4AD}
	EndProjectSection
EndProject
Project("{8BC9CEB8-8B4A-11D0-8D11-00A0C91BC942}") = "AmbientObj", "Objects\AmbientObj\AmbientObj.vcxproj", "{AE59EF06-2E3C-436B-A16C-ABA548989FEA}"
	ProjectSection(ProjectDependencies) = postProject
		{DA9C671F-1998-42EC-8D3C-F14AE13AD4AD} = {DA9C671F-1998-42EC-8D3C-F14AE13AD4AD}
	EndProjectSection
EndProject
Project("{8BC9CEB8-8B4A-11D0-8D11-00A0C91BC942}") = "BoxObj", "Objects\BoxObj\BoxObj.vcxproj", "{57C26655-1B0C-4600-A88D-134578F3C672}"
	ProjectSection(ProjectDependencies) = postProject
		{DA9C671F-1998-42EC-8D3C-F14AE13AD4AD} = {DA9C671F-1998-42EC-8D3C-F14AE13AD4AD}
	EndProjectSection
EndProject
Project("{8BC9CEB8-8B4A-11D0-8D11-00A0C91BC942}") = "CameraObj", "Objects\CameraObj\CameraObj.vcxproj", "{58C53D8C-A3B9-4F31-9852-7E282620AF52}"
	ProjectSection(ProjectDependencies) = postProject
		{DA9C671F-1998-42EC-8D3C-F14AE13AD4AD} = {DA9C671F-1998-42EC-8D3C-F14AE13AD4AD}
	EndProjectSection
EndProject
Project("{8BC9CEB8-8B4A-11D0-8D11-00A0C91BC942}") = "CoronaObj", "Objects\CoronaObj\CoronaObj.vcxproj", "{ABB7668E-BEA1-44BA-8C89-530944CCA449}"
	ProjectSection(ProjectDependencies) = postProject
		{DA9C671F-1998-42EC-8D3C-F14AE13AD4AD} = {DA9C671F-1998-42EC-8D3C-F14AE13AD4AD}
	EndProjectSection
EndProject
Project("{8BC9CEB8-8B4A-11D0-8D11-00A0C91BC942}") = "DynLightObj", "Objects\DynLightObj\DynLightObj.vcxproj", "{5DCE2830-6591-4A0D-85BC-767F3C29D358}"
	ProjectSection(ProjectDependencies) = postProject
		{DA9C671F-1998-42EC-8D3C-F14AE13AD4AD} = {DA9C671F-1998-42EC-8D3C-F14AE13AD4AD}
	EndProjectSection
EndProject
Project("{8BC9CEB8-8B4A-11D0-8D11-00A0C91BC942}") = "ModelObj", "Objects\ModelObj\ModelObj.vcxproj", "{4EA438ED-671B-4866-B14A-A8B1D9E98AB7}"
	ProjectSection(ProjectDependencies) = postProject
		{DA9C671F-1998-42EC-8D3C-F14AE13AD4AD} = {DA9C671F-1998-42EC-8D3C-F14AE13AD4AD}
	EndProjectSection
EndProject
Project("{8BC9CEB8-8B4A-11D0-8D11-00A0C91BC942}") = "PathObj", "Objects\PathObj\PathObj.vcxproj", "{61FA4DBA-7534-44D8-9457-D43B2EF8A67B}"
	ProjectSection(ProjectDependencies) = postProject
		{DA9C671F-1998-42EC-8D3C-F14AE13AD4AD} = {DA9C671F-1998-42EC-8D3C-F14AE13AD4AD}
	EndProjectSection
EndProject
Project("{8BC9CEB8-8B4A-11D0-8D11-00A0C91BC942}") = "PortalObj", "Objects\PortalObj\PortalObj.vcxproj", "{E045DF11-6343-48D8-8820-944166E2FCDF}"
	ProjectSection(ProjectDependencies) = postProject
		{DA9C671F-1998-42EC-8D3C-F14AE13AD4AD} = {DA9C671F-1998-42EC-8D3C-F14AE13AD4AD}
	EndProjectSection
EndProject
Project("{8BC9CEB8-8B4A-11D0-8D11-00A0C91BC942}") = "PulsingLightObj", "Objects\PulsingLightObj\PulsingLightObj.vcxproj", "{35EE686D-C977-4A78-A9D4-A508FFFC4FE6}"
	ProjectSection(ProjectDependencies) = postProject
		{DA9C671F-1998-42EC-8D3C-F14AE13AD4AD} = {DA9C671F-1998-42EC-8D3C-F14AE13AD4AD}
	EndProjectSection
EndProject
Project("{8BC9CEB8-8B4A-11D0-8D11-00A0C91BC942}") = "SpoutObj", "Objects\SpoutObj\SpoutObj.vcxproj", "{4E7834C6-88F6-47A4-AC22-7E976915ED93}"
	ProjectSection(ProjectDependencies) = postProject
		{DA9C671F-1998-42EC-8D3C-F14AE13AD4AD} = {DA9C671F-1998-42EC-8D3C-F14AE13AD4AD}
	EndProjectSection
EndProject
Project("{8BC9CEB8-8B4A-11D0-8D11-00A0C91BC942}") = "StaticMeshObj", "Objects\StaticMeshObj\StaticMeshObj.vcxproj", "{E91549ED-1B8F-412D-8472-9BCC3CD889DB}"
	ProjectSection(ProjectDependencies) = postProject
		{DA9C671F-1998-42EC-8D3C-F14AE13AD4AD} = {DA9C671F-1998-42EC-8D3C-F14AE13AD4AD}
	EndProjectSection
EndProject
Project("{8BC9CEB8-8B4A-11D0-8D11-00A0C91BC942}") = "TerrainObj", "Objects\TerrainObj\TerrainObj.vcxproj", "{9EEFFC03-E0CF-4F05-A4B9-CA0B692F0195}"
	ProjectSection(ProjectDependencies) = postProject
		{DA9C671F-1998-42EC-8D3C-F14AE13AD4AD} = {DA9C671F-1998-42EC-8D3C-F14AE13AD4AD}
	EndProjectSection
EndProject
Project("{8BC9CEB8-8B4A-11D0-8D11-00A0C91BC942}") = "EosScript", "Tools\EosScript\vc\EosScript.vcxproj", "{3479A4D7-1C5B-479C-93D9-218D8A178551}"
EndProject
Project("{8BC9CEB8-8B4A-11D0-8D11-00A0C91BC942}") = "G3DActBuild", "Tools\ActorTools\G3DActBuild.vcxproj", "{CFCEEDD6-74BB-4BDF-A68C-5ED644E1C61F}"
	ProjectSection(ProjectDependencies) = postProject
		{DA9C671F-1998-42EC-8D3C-F14AE13AD4AD} = {DA9C671F-1998-42EC-8D3C-F14AE13AD4AD}
	EndProjectSection
EndProject
Project("{8BC9CEB8-8B4A-11D0-8D11-00A0C91BC942}") = "G3DActorStudio", "Tools\ActorTools\G3DActorStudio.vcxproj", "{A284CC55-5933-4E4F-80D3-12968118B544}"
	ProjectSection(ProjectDependencies) = postProject
		{DA9C671F-1998-42EC-8D3C-F14AE13AD4AD} = {DA9C671F-1998-42EC-8D3C-F14AE13AD4AD}
	EndProjectSection
EndProject
Project("{8BC9CEB8-8B4A-11D0-8D11-00A0C91BC942}") = "G3DActorWorkbench", "Tools\ActorWorkbench\G3DActorWorkbench.vcxproj", "{69549287-EBD7-4575-9E2E-77D93A83B0D7}"
	ProjectSection(ProjectDependencies) = postProject
		{DA9C671F-1998-42EC-8D3C-F14AE13AD4AD} = {DA9C671F-1998-42EC-8D3C-F14AE13AD4AD}
	EndProjectSection
EndProject
Project("{8BC9CEB8-8B4A-11D0-8D11-00A0C91BC942}") = "G3DGameShell", "Tools\GameShell\G3DGameShell.vcxproj", "{37B92A27-EFE6-4A02-A88A-EEC0068C0582}"
	ProjectSection(ProjectDependencies) = postProject
		{9EEFFC03-E0CF-4F05-A4B9-CA0B692F0195} = {9EEFFC03-E0CF-4F05-A4B9-CA0B692F0195}
		{AE59EF06-2E3C-436B-A16C-ABA548989FEA} = {AE59EF06-2E3C-436B-A16C-ABA548989FEA}
		{E045DF11-6343-48D8-8820-944166E2FCDF} = {E045DF11-6343-48D8-8820-944166E2FCDF}
		{DA9C671F-1998-42EC-8D3C-F14AE13AD4AD} = {DA9C671F-1998-42EC-8D3C-F14AE13AD4AD}
		{F92F9D20-CA3D-4422-B515-97AD9FC6354F} = {F92F9D20-CA3D-4422-B515-97AD9FC6354F}
		{5DCE2830-6591-4A0D-85BC-767F3C29D358} = {5DCE2830-6591-4A0D-85BC-767F3C29D358}
		{57C26655-1B0C-4600-A88D-134578F3C672} = {57C26655-1B0C-4600-A88D-134578F3C672}
		{35EE686D-C977-4A78-A9D4-A508FFFC4FE6} = {35EE686D-C977-4A78-A9D4-A508FFFC4FE6}
		{58C53D8C-A3B9-4F31-9852-7E282620AF52} = {58C53D8C-A3B9-4F31-9852-7E282620AF52}
		{ABB7668E-BEA1-44BA-8C89-530944CCA449} = {ABB7668E-BEA1-44BA-8C89-530944CCA449}
		{61FA4DBA-7534-44D8-9457-D43B2EF8A67B} = {61FA4DBA-7534-44D8-9457-D43B2EF8A67B}
		{4E7834C6-88F6-47A4-AC22-7E976915ED93} = {4E7834C6-88F6-47A4-AC22-7E976915ED93}
		{3479A4D7-1C5B-479C-93D9-218D8A178551} = {3479A4D7-1C5B-479C-93D9-218D8A178551}
		{4EA438ED-671B-4866-B14A-A8B1D9E98AB7} = {4EA438ED-671B-4866-B14A-A8B1D9E98AB7}
	EndProjectSection
EndProject
Project("{8BC9CEB8-8B4A-11D0-8D11-00A0C91BC942}") = "G3DMinApp", "Tools\MinApp\G3DMinApp.vcxproj", "{5FE0ADBE-49AD-4A4A-A8BB-1FDC66F410B1}"
	ProjectSection(ProjectDependencies) = postProject
		{9EEFFC03-E0CF-4F05-A4B9-CA0B692F0195} = {9EEFFC03-E0CF-4F05-A4B9-CA0B692F0195}
		{AE59EF06-2E3C-436B-A16C-ABA548989FEA} = {AE59EF06-2E3C-436B-A16C-ABA548989FEA}
		{E045DF11-6343-48D8-8820-944166E2FCDF} = {E045DF11-6343-48D8-8820-944166E2FCDF}
		{DA9C671F-1998-42EC-8D3C-F14AE13AD4AD} = {DA9C671F-1998-42EC-8D3C-F14AE13AD4AD}
		{F92F9D20-CA3D-4422-B515-97AD9FC6354F} = {F92F9D20-CA3D-4422-B515-97AD9FC6354F}
		{5DCE2830-6591-4A0D-85BC-767F3C29D358} = {5DCE2830-6591-4A0D-85BC-767F3C29D358}
		{57C26655-1B0C-4600-A88D-134578F3C672} = {57C26655-1B0C-4600-A88D-134578F3C672}
		{35EE686D-C977-4A78-A9D4-A508FFFC4FE6} = {35EE686D-C977-4A78-A9D4-A508FFFC4FE6}
		{58C53D8C-A3B9-4F31-9852-7E282620AF52} = {58C53D8C-A3B9-4F31-9852-7E282620AF52}
		{ABB7668E-BEA1-44BA-8C89-530944CCA449} = {ABB7668E-BEA1-44BA-8C89-530944CCA449}
		{61FA4DBA-7534-44D8-9457-D43B2EF8A67B} = {61FA4DBA-7534-44D8-9457-D43B2EF8A67B}
		{4E7834C6-88F6-47A4-AC22-7E976915ED93} = {4E7834C6-88F6-47A4-AC22-7E976915ED93}
		{4EA438ED-671B-4866-B14A-A8B1D9E98AB7} = {4EA438ED-671B-4866-B14A-A8B1D9E98AB7}
	EndProjectSection
EndProject
Project("{8BC9CEB8-8B4A-11D0-8D11-00A0C91BC942}") = "G3DWorldEditor", "Tools\WorldEditor\G3DWorldEditor.vcxproj", "{C9D22404-B2F5-4775-B35D-264E0D8AE53E}"
	ProjectSection(ProjectDependencies) = postProject
		{DA9C671F-1998-42EC-8D3C-F14AE13AD4AD} = {DA9C671F-1998-42EC-8D3C-F14AE13AD4AD}
	EndProjectSection
EndProject
Project("{2150E333-8FDC-42A3-9474-1A3956D46DE8}") = "ThirdParty", "ThirdParty", "{6A1B0E61-3D2C-4C8E-9A41-0E5D2B7C1A06}"
EndProject
Project("{8BC9CEB8-8B4A-11D0-8D11-00A0C91BC942}") = "DirectXTex", "ThirdParty\DirectXTex\DirectXTex\DirectXTex_Desktop_2026.vcxproj", "{371B9FA9-4C90-4AC6-A123-ACED756D6C77}"
EndProject
Project("{8BC9CEB8-8B4A-11D0-8D11-00A0C91BC942}") = "G3DTexImport", "Tools\TexImport\G3DTexImport.vcxproj", "{3A737B54-452E-4ABF-AB06-4195065A0DAD}"
EndProject
Global
	GlobalSection(SolutionConfigurationPlatforms) = preSolution
		Debug|Win32 = Debug|Win32
		Release|Win32 = Release|Win32
	EndGlobalSection
	GlobalSection(ProjectConfigurationPlatforms) = postSolution
		{371B9FA9-4C90-4AC6-A123-ACED756D6C77}.Debug|Win32.ActiveCfg = Debug|Win32
		{371B9FA9-4C90-4AC6-A123-ACED756D6C77}.Debug|Win32.Build.0 = Debug|Win32
		{371B9FA9-4C90-4AC6-A123-ACED756D6C77}.Release|Win32.ActiveCfg = Release|Win32
		{371B9FA9-4C90-4AC6-A123-ACED756D6C77}.Release|Win32.Build.0 = Release|Win32
		{3A737B54-452E-4ABF-AB06-4195065A0DAD}.Debug|Win32.ActiveCfg = Debug|Win32
		{3A737B54-452E-4ABF-AB06-4195065A0DAD}.Debug|Win32.Build.0 = Debug|Win32
		{3A737B54-452E-4ABF-AB06-4195065A0DAD}.Release|Win32.ActiveCfg = Release|Win32
		{3A737B54-452E-4ABF-AB06-4195065A0DAD}.Release|Win32.Build.0 = Release|Win32
		{DA9C671F-1998-42EC-8D3C-F14AE13AD4AD}.Debug|Win32.ActiveCfg = Debug|Win32
		{DA9C671F-1998-42EC-8D3C-F14AE13AD4AD}.Debug|Win32.Build.0 = Debug|Win32
		{DA9C671F-1998-42EC-8D3C-F14AE13AD4AD}.Release|Win32.ActiveCfg = Release|Win32
		{DA9C671F-1998-42EC-8D3C-F14AE13AD4AD}.Release|Win32.Build.0 = Release|Win32
		{1B6221F3-93FE-CA71-BA4D-0ADC81CC80E0}.Debug|Win32.ActiveCfg = Debug|Win32
		{1B6221F3-93FE-CA71-BA4D-0ADC81CC80E0}.Debug|Win32.Build.0 = Debug|Win32
		{1B6221F3-93FE-CA71-BA4D-0ADC81CC80E0}.Release|Win32.ActiveCfg = Release|Win32
		{1B6221F3-93FE-CA71-BA4D-0ADC81CC80E0}.Release|Win32.Build.0 = Release|Win32
		{F92F9D20-CA3D-4422-B515-97AD9FC6354F}.Debug|Win32.ActiveCfg = Debug|Win32
		{F92F9D20-CA3D-4422-B515-97AD9FC6354F}.Debug|Win32.Build.0 = Debug|Win32
		{F92F9D20-CA3D-4422-B515-97AD9FC6354F}.Release|Win32.ActiveCfg = Release|Win32
		{F92F9D20-CA3D-4422-B515-97AD9FC6354F}.Release|Win32.Build.0 = Release|Win32
		{AE59EF06-2E3C-436B-A16C-ABA548989FEA}.Debug|Win32.ActiveCfg = Debug|Win32
		{AE59EF06-2E3C-436B-A16C-ABA548989FEA}.Debug|Win32.Build.0 = Debug|Win32
		{AE59EF06-2E3C-436B-A16C-ABA548989FEA}.Release|Win32.ActiveCfg = Release|Win32
		{AE59EF06-2E3C-436B-A16C-ABA548989FEA}.Release|Win32.Build.0 = Release|Win32
		{57C26655-1B0C-4600-A88D-134578F3C672}.Debug|Win32.ActiveCfg = Debug|Win32
		{57C26655-1B0C-4600-A88D-134578F3C672}.Debug|Win32.Build.0 = Debug|Win32
		{57C26655-1B0C-4600-A88D-134578F3C672}.Release|Win32.ActiveCfg = Release|Win32
		{57C26655-1B0C-4600-A88D-134578F3C672}.Release|Win32.Build.0 = Release|Win32
		{58C53D8C-A3B9-4F31-9852-7E282620AF52}.Debug|Win32.ActiveCfg = Debug|Win32
		{58C53D8C-A3B9-4F31-9852-7E282620AF52}.Debug|Win32.Build.0 = Debug|Win32
		{58C53D8C-A3B9-4F31-9852-7E282620AF52}.Release|Win32.ActiveCfg = Release|Win32
		{58C53D8C-A3B9-4F31-9852-7E282620AF52}.Release|Win32.Build.0 = Release|Win32
		{ABB7668E-BEA1-44BA-8C89-530944CCA449}.Debug|Win32.ActiveCfg = Debug|Win32
		{ABB7668E-BEA1-44BA-8C89-530944CCA449}.Debug|Win32.Build.0 = Debug|Win32
		{ABB7668E-BEA1-44BA-8C89-530944CCA449}.Release|Win32.ActiveCfg = Release|Win32
		{ABB7668E-BEA1-44BA-8C89-530944CCA449}.Release|Win32.Build.0 = Release|Win32
		{5DCE2830-6591-4A0D-85BC-767F3C29D358}.Debug|Win32.ActiveCfg = Debug|Win32
		{5DCE2830-6591-4A0D-85BC-767F3C29D358}.Debug|Win32.Build.0 = Debug|Win32
		{5DCE2830-6591-4A0D-85BC-767F3C29D358}.Release|Win32.ActiveCfg = Release|Win32
		{5DCE2830-6591-4A0D-85BC-767F3C29D358}.Release|Win32.Build.0 = Release|Win32
		{4EA438ED-671B-4866-B14A-A8B1D9E98AB7}.Debug|Win32.ActiveCfg = Debug|Win32
		{4EA438ED-671B-4866-B14A-A8B1D9E98AB7}.Debug|Win32.Build.0 = Debug|Win32
		{4EA438ED-671B-4866-B14A-A8B1D9E98AB7}.Release|Win32.ActiveCfg = Release|Win32
		{4EA438ED-671B-4866-B14A-A8B1D9E98AB7}.Release|Win32.Build.0 = Release|Win32
		{61FA4DBA-7534-44D8-9457-D43B2EF8A67B}.Debug|Win32.ActiveCfg = Debug|Win32
		{61FA4DBA-7534-44D8-9457-D43B2EF8A67B}.Debug|Win32.Build.0 = Debug|Win32
		{61FA4DBA-7534-44D8-9457-D43B2EF8A67B}.Release|Win32.ActiveCfg = Release|Win32
		{61FA4DBA-7534-44D8-9457-D43B2EF8A67B}.Release|Win32.Build.0 = Release|Win32
		{E045DF11-6343-48D8-8820-944166E2FCDF}.Debug|Win32.ActiveCfg = Debug|Win32
		{E045DF11-6343-48D8-8820-944166E2FCDF}.Debug|Win32.Build.0 = Debug|Win32
		{E045DF11-6343-48D8-8820-944166E2FCDF}.Release|Win32.ActiveCfg = Release|Win32
		{E045DF11-6343-48D8-8820-944166E2FCDF}.Release|Win32.Build.0 = Release|Win32
		{35EE686D-C977-4A78-A9D4-A508FFFC4FE6}.Debug|Win32.ActiveCfg = Debug|Win32
		{35EE686D-C977-4A78-A9D4-A508FFFC4FE6}.Debug|Win32.Build.0 = Debug|Win32
		{35EE686D-C977-4A78-A9D4-A508FFFC4FE6}.Release|Win32.ActiveCfg = Release|Win32
		{35EE686D-C977-4A78-A9D4-A508FFFC4FE6}.Release|Win32.Build.0 = Release|Win32
		{4E7834C6-88F6-47A4-AC22-7E976915ED93}.Debug|Win32.ActiveCfg = Debug|Win32
		{4E7834C6-88F6-47A4-AC22-7E976915ED93}.Debug|Win32.Build.0 = Debug|Win32
		{4E7834C6-88F6-47A4-AC22-7E976915ED93}.Release|Win32.ActiveCfg = Release|Win32
		{4E7834C6-88F6-47A4-AC22-7E976915ED93}.Release|Win32.Build.0 = Release|Win32
		{E91549ED-1B8F-412D-8472-9BCC3CD889DB}.Debug|Win32.ActiveCfg = Debug|Win32
		{E91549ED-1B8F-412D-8472-9BCC3CD889DB}.Debug|Win32.Build.0 = Debug|Win32
		{E91549ED-1B8F-412D-8472-9BCC3CD889DB}.Release|Win32.ActiveCfg = Release|Win32
		{E91549ED-1B8F-412D-8472-9BCC3CD889DB}.Release|Win32.Build.0 = Release|Win32
		{9EEFFC03-E0CF-4F05-A4B9-CA0B692F0195}.Debug|Win32.ActiveCfg = Debug|Win32
		{9EEFFC03-E0CF-4F05-A4B9-CA0B692F0195}.Debug|Win32.Build.0 = Debug|Win32
		{9EEFFC03-E0CF-4F05-A4B9-CA0B692F0195}.Release|Win32.ActiveCfg = Release|Win32
		{9EEFFC03-E0CF-4F05-A4B9-CA0B692F0195}.Release|Win32.Build.0 = Release|Win32
		{3479A4D7-1C5B-479C-93D9-218D8A178551}.Debug|Win32.ActiveCfg = Debug|Win32
		{3479A4D7-1C5B-479C-93D9-218D8A178551}.Debug|Win32.Build.0 = Debug|Win32
		{3479A4D7-1C5B-479C-93D9-218D8A178551}.Release|Win32.ActiveCfg = Release|Win32
		{3479A4D7-1C5B-479C-93D9-218D8A178551}.Release|Win32.Build.0 = Release|Win32
		{CFCEEDD6-74BB-4BDF-A68C-5ED644E1C61F}.Debug|Win32.ActiveCfg = Debug|Win32
		{CFCEEDD6-74BB-4BDF-A68C-5ED644E1C61F}.Debug|Win32.Build.0 = Debug|Win32
		{CFCEEDD6-74BB-4BDF-A68C-5ED644E1C61F}.Release|Win32.ActiveCfg = Release|Win32
		{CFCEEDD6-74BB-4BDF-A68C-5ED644E1C61F}.Release|Win32.Build.0 = Release|Win32
		{A284CC55-5933-4E4F-80D3-12968118B544}.Debug|Win32.ActiveCfg = Debug|Win32
		{A284CC55-5933-4E4F-80D3-12968118B544}.Debug|Win32.Build.0 = Debug|Win32
		{A284CC55-5933-4E4F-80D3-12968118B544}.Release|Win32.ActiveCfg = Release|Win32
		{A284CC55-5933-4E4F-80D3-12968118B544}.Release|Win32.Build.0 = Release|Win32
		{69549287-EBD7-4575-9E2E-77D93A83B0D7}.Debug|Win32.ActiveCfg = Debug|Win32
		{69549287-EBD7-4575-9E2E-77D93A83B0D7}.Debug|Win32.Build.0 = Debug|Win32
		{69549287-EBD7-4575-9E2E-77D93A83B0D7}.Release|Win32.ActiveCfg = Release|Win32
		{69549287-EBD7-4575-9E2E-77D93A83B0D7}.Release|Win32.Build.0 = Release|Win32
		{37B92A27-EFE6-4A02-A88A-EEC0068C0582}.Debug|Win32.ActiveCfg = Debug|Win32
		{37B92A27-EFE6-4A02-A88A-EEC0068C0582}.Debug|Win32.Build.0 = Debug|Win32
		{37B92A27-EFE6-4A02-A88A-EEC0068C0582}.Release|Win32.ActiveCfg = Release|Win32
		{37B92A27-EFE6-4A02-A88A-EEC0068C0582}.Release|Win32.Build.0 = Release|Win32
		{5FE0ADBE-49AD-4A4A-A8BB-1FDC66F410B1}.Debug|Win32.ActiveCfg = Debug|Win32
		{5FE0ADBE-49AD-4A4A-A8BB-1FDC66F410B1}.Debug|Win32.Build.0 = Debug|Win32
		{5FE0ADBE-49AD-4A4A-A8BB-1FDC66F410B1}.Release|Win32.ActiveCfg = Release|Win32
		{5FE0ADBE-49AD-4A4A-A8BB-1FDC66F410B1}.Release|Win32.Build.0 = Release|Win32
		{C9D22404-B2F5-4775-B35D-264E0D8AE53E}.Debug|Win32.ActiveCfg = Debug|Win32
		{C9D22404-B2F5-4775-B35D-264E0D8AE53E}.Debug|Win32.Build.0 = Debug|Win32
		{C9D22404-B2F5-4775-B35D-264E0D8AE53E}.Release|Win32.ActiveCfg = Release|Win32
		{C9D22404-B2F5-4775-B35D-264E0D8AE53E}.Release|Win32.Build.0 = Release|Win32
	EndGlobalSection
	GlobalSection(SolutionProperties) = preSolution
		HideSolutionNode = FALSE
	EndGlobalSection
	GlobalSection(NestedProjects) = preSolution
		{371B9FA9-4C90-4AC6-A123-ACED756D6C77} = {6A1B0E61-3D2C-4C8E-9A41-0E5D2B7C1A06}
		{3A737B54-452E-4ABF-AB06-4195065A0DAD} = {6A1B0E61-3D2C-4C8E-9A41-0E5D2B7C1A04}
		{DA9C671F-1998-42EC-8D3C-F14AE13AD4AD} = {6A1B0E61-3D2C-4C8E-9A41-0E5D2B7C1A01}
		{1B6221F3-93FE-CA71-BA4D-0ADC81CC80E0} = {6A1B0E61-3D2C-4C8E-9A41-0E5D2B7C1A02}
		{F92F9D20-CA3D-4422-B515-97AD9FC6354F} = {6A1B0E61-3D2C-4C8E-9A41-0E5D2B7C1A03}
		{AE59EF06-2E3C-436B-A16C-ABA548989FEA} = {6A1B0E61-3D2C-4C8E-9A41-0E5D2B7C1A03}
		{57C26655-1B0C-4600-A88D-134578F3C672} = {6A1B0E61-3D2C-4C8E-9A41-0E5D2B7C1A03}
		{58C53D8C-A3B9-4F31-9852-7E282620AF52} = {6A1B0E61-3D2C-4C8E-9A41-0E5D2B7C1A03}
		{ABB7668E-BEA1-44BA-8C89-530944CCA449} = {6A1B0E61-3D2C-4C8E-9A41-0E5D2B7C1A03}
		{5DCE2830-6591-4A0D-85BC-767F3C29D358} = {6A1B0E61-3D2C-4C8E-9A41-0E5D2B7C1A03}
		{4EA438ED-671B-4866-B14A-A8B1D9E98AB7} = {6A1B0E61-3D2C-4C8E-9A41-0E5D2B7C1A03}
		{61FA4DBA-7534-44D8-9457-D43B2EF8A67B} = {6A1B0E61-3D2C-4C8E-9A41-0E5D2B7C1A03}
		{E045DF11-6343-48D8-8820-944166E2FCDF} = {6A1B0E61-3D2C-4C8E-9A41-0E5D2B7C1A03}
		{35EE686D-C977-4A78-A9D4-A508FFFC4FE6} = {6A1B0E61-3D2C-4C8E-9A41-0E5D2B7C1A03}
		{4E7834C6-88F6-47A4-AC22-7E976915ED93} = {6A1B0E61-3D2C-4C8E-9A41-0E5D2B7C1A03}
		{E91549ED-1B8F-412D-8472-9BCC3CD889DB} = {6A1B0E61-3D2C-4C8E-9A41-0E5D2B7C1A03}
		{9EEFFC03-E0CF-4F05-A4B9-CA0B692F0195} = {6A1B0E61-3D2C-4C8E-9A41-0E5D2B7C1A03}
		{3479A4D7-1C5B-479C-93D9-218D8A178551} = {6A1B0E61-3D2C-4C8E-9A41-0E5D2B7C1A04}
		{CFCEEDD6-74BB-4BDF-A68C-5ED644E1C61F} = {6A1B0E61-3D2C-4C8E-9A41-0E5D2B7C1A04}
		{A284CC55-5933-4E4F-80D3-12968118B544} = {6A1B0E61-3D2C-4C8E-9A41-0E5D2B7C1A04}
		{69549287-EBD7-4575-9E2E-77D93A83B0D7} = {6A1B0E61-3D2C-4C8E-9A41-0E5D2B7C1A04}
		{37B92A27-EFE6-4A02-A88A-EEC0068C0582} = {6A1B0E61-3D2C-4C8E-9A41-0E5D2B7C1A04}
		{5FE0ADBE-49AD-4A4A-A8BB-1FDC66F410B1} = {6A1B0E61-3D2C-4C8E-9A41-0E5D2B7C1A04}
		{C9D22404-B2F5-4775-B35D-264E0D8AE53E} = {6A1B0E61-3D2C-4C8E-9A41-0E5D2B7C1A04}
	EndGlobalSection
	GlobalSection(ExtensibilityGlobals) = postSolution
		SolutionGuid = {8EA91C5F-FA1F-49BE-9403-6EAC23140E7E}
	EndGlobalSection
EndGlobal
